
Microsoft Visual Studio Solution File, Format Version 12.00
# Visual Studio Version 17
VisualStudioVersion = 17.6.33815.320
MinimumVisualStudioVersion = 10.0.40219.1
Project("{FAE04EC0-301F-11D3-BF4B-00C04F79EFBC}") = "PracticaWebServices", "PracticaWebServices.csproj", "{20757AE8-BF9C-4174-AF70-776DE4B6E604}"
EndProject
Global
	GlobalSection(SolutionConfigurationPlatforms) = preSolution
		Debug|Any CPU = Debug|Any CPU
		Release|Any CPU = Release|Any CPU
	EndGlobalSection
	GlobalSection(ProjectConfigurationPlatforms) = postSolution
		{20757AE8-BF9C-4174-AF70-776DE4B6E604}.Debug|Any CPU.ActiveCfg = Debug|Any CPU
		{20757AE8-BF9C-4174-AF70-776DE4B6E604}.Debug|Any CPU.Build.0 = Debug|Any CPU
		{20757AE8-BF9C-4174-AF70-776DE4B6E604}.Release|Any CPU.ActiveCfg = Release|Any CPU
		{20757AE8-BF9C-4174-AF70-776DE4B6E604}.Release|Any CPU.Build.0 = Release|Any CPU
	EndGlobalSection
	GlobalSection(SolutionProperties) = preSolution
		HideSolutionNode = FALSE
	EndGlobalSection
	GlobalSection(ExtensibilityGlobals) = postSolution
		SolutionGuid = {878403FA-8477-4B5D-A27C-A17305C99A64}
	EndGlobalSection
EndGlobal
